
Microsoft Visual Studio Solution File, Format Version 12.00
# Visual Studio Version 16
VisualStudioVersion = 16.0.30804.86
MinimumVisualStudioVersion = 10.0.40219.1
Project("{8BC9CEB8-8B4A-11D0-8D11-00A0C91BC942}") = "判断元音辅音", "判断元音辅音\判断元音辅音.vcxproj", "{4F83830C-4260-40DE-95C7-ADE4CD64DE80}"
EndProject
Global
	GlobalSection(SolutionConfigurationPlatforms) = preSolution
		Debug|x64 = Debug|x64
		Debug|x86 = Debug|x86
		Release|x64 = Release|x64
		Release|x86 = Release|x86
	EndGlobalSection
	GlobalSection(ProjectConfigurationPlatforms) = postSolution
		{4F83830C-4260-40DE-95C7-ADE4CD64DE80}.Debug|x64.ActiveCfg = Debug|x64
		{4F83830C-4260-40DE-95C7-ADE4CD64DE80}.Debug|x64.Build.0 = Debug|x64
		{4F83830C-4260-40DE-95C7-ADE4CD64DE80}.Debug|x86.ActiveCfg = Debug|Win32
		{4F83830C-4260-40DE-95C7-ADE4CD64DE80}.Debug|x86.Build.0 = Debug|Win32
		{4F83830C-4260-40DE-95C7-ADE4CD64DE80}.Release|x64.ActiveCfg = Release|x64
		{4F83830C-4260-40DE-95C7-ADE4CD64DE80}.Release|x64.Build.0 = Release|x64
		{4F83830C-4260-40DE-95C7-ADE4CD64DE80}.Release|x86.ActiveCfg = Release|Win32
		{4F83830C-4260-40DE-95C7-ADE4CD64DE80}.Release|x86.Build.0 = Release|Win32
	EndGlobalSection
	GlobalSection(SolutionProperties) = preSolution
		HideSolutionNode = FALSE
	EndGlobalSection
	GlobalSection(ExtensibilityGlobals) = postSolution
		SolutionGuid = {452E89B3-F627-4D44-A9F6-EB7DE5EE87EE}
	EndGlobalSection
EndGlobal
