
Microsoft Visual Studio Solution File, Format Version 12.00
# Visual Studio Version 16
VisualStudioVersion = 16.0.30804.86
MinimumVisualStudioVersion = 10.0.40219.1
Project("{8BC9CEB8-8B4A-11D0-8D11-00A0C91BC942}") = "输出出生年月", "输出出生年月\输出出生年月.vcxproj", "{7FBDF80B-841A-4EC1-8367-A83382491D9F}"
EndProject
Global
	GlobalSection(SolutionConfigurationPlatforms) = preSolution
		Debug|x64 = Debug|x64
		Debug|x86 = Debug|x86
		Release|x64 = Release|x64
		Release|x86 = Release|x86
	EndGlobalSection
	GlobalSection(ProjectConfigurationPlatforms) = postSolution
		{7FBDF80B-841A-4EC1-8367-A83382491D9F}.Debug|x64.ActiveCfg = Debug|x64
		{7FBDF80B-841A-4EC1-8367-A83382491D9F}.Debug|x64.Build.0 = Debug|x64
		{7FBDF80B-841A-4EC1-8367-A83382491D9F}.Debug|x86.ActiveCfg = Debug|Win32
		{7FBDF80B-841A-4EC1-8367-A83382491D9F}.Debug|x86.Build.0 = Debug|Win32
		{7FBDF80B-841A-4EC1-8367-A83382491D9F}.Release|x64.ActiveCfg = Release|x64
		{7FBDF80B-841A-4EC1-8367-A83382491D9F}.Release|x64.Build.0 = Release|x64
		{7FBDF80B-841A-4EC1-8367-A83382491D9F}.Release|x86.ActiveCfg = Release|Win32
		{7FBDF80B-841A-4EC1-8367-A83382491D9F}.Release|x86.Build.0 = Release|Win32
	EndGlobalSection
	GlobalSection(SolutionProperties) = preSolution
		HideSolutionNode = FALSE
	EndGlobalSection
	GlobalSection(ExtensibilityGlobals) = postSolution
		SolutionGuid = {212BF084-12AC-4E0A-859D-8807DF83BB23}
	EndGlobalSection
EndGlobal
